
Microsoft Visual Studio Solution File, Format Version 12.00
# Visual Studio 2012
Project("{FAE04EC0-301F-11D3-BF4B-00C04F79EFBC}") = "TimeTrackerPlanerWeb", "TimeTrackerPlanerWeb\TimeTrackerPlanerWeb.csproj", "{265DF47A-FC97-4BFB-A73A-40594E8D77FC}"
EndProject
Global
	GlobalSection(SolutionConfigurationPlatforms) = preSolution
		Debug|Any CPU = Debug|Any CPU
		Release|Any CPU = Release|Any CPU
	EndGlobalSection
	GlobalSection(ProjectConfigurationPlatforms) = postSolution
		{265DF47A-FC97-4BFB-A73A-40594E8D77FC}.Debug|Any CPU.ActiveCfg = Debug|Any CPU
		{265DF47A-FC97-4BFB-A73A-40594E8D77FC}.Debug|Any CPU.Build.0 = Debug|Any CPU
		{265DF47A-FC97-4BFB-A73A-40594E8D77FC}.Release|Any CPU.ActiveCfg = Release|Any CPU
		{265DF47A-FC97-4BFB-A73A-40594E8D77FC}.Release|Any CPU.Build.0 = Release|Any CPU
	EndGlobalSection
EndGlobal
